
Microsoft Visual Studio Solution File, Format Version 12.00
# Visual Studio Version 16
VisualStudioVersion = 16.0.31321.278
MinimumVisualStudioVersion = 10.0.40219.1
Project("{9A19103F-16F7-4668-BE54-9A1E7A4F7556}") = "Concoct-Builder", "Concoct-Builder.csproj", "{628C2801-A4F7-45D9-AAC9-D4784A1194D4}"
EndProject
Global
	GlobalSection(SolutionConfigurationPlatforms) = preSolution
		Debug|Any CPU = Debug|Any CPU
		Release|Any CPU = Release|Any CPU
	EndGlobalSection
	GlobalSection(ProjectConfigurationPlatforms) = postSolution
		{628C2801-A4F7-45D9-AAC9-D4784A1194D4}.Debug|Any CPU.ActiveCfg = Debug|Any CPU
		{628C2801-A4F7-45D9-AAC9-D4784A1194D4}.Debug|Any CPU.Build.0 = Debug|Any CPU
		{628C2801-A4F7-45D9-AAC9-D4784A1194D4}.Release|Any CPU.ActiveCfg = Release|Any CPU
		{628C2801-A4F7-45D9-AAC9-D4784A1194D4}.Release|Any CPU.Build.0 = Release|Any CPU
	EndGlobalSection
	GlobalSection(SolutionProperties) = preSolution
		HideSolutionNode = FALSE
	EndGlobalSection
	GlobalSection(ExtensibilityGlobals) = postSolution
		SolutionGuid = {D680EB1B-D7EE-4C1D-ABCE-A25F0BA84064}
	EndGlobalSection
EndGlobal
