{
  "requires": true,
  "lockfileVersion": 1,
  "dependencies": {
    "gridstack": {
      "version": "4.2.7",
      "resolved": "https://registry.npmjs.org/gridstack/-/gridstack-4.2.7.tgz",
      "integrity": "sha512-yUbRaq+H9hLIrEKiyoT5lP+xyNUS+hrqxCUklLt9ZrJTyZE4n1d2xfWRupPtxmTxuuhjjnUcChFsQRyeQofiLg=="
    },
    "jquery": {
      "version": "3.6.0",
      "resolved": "https://registry.npmjs.org/jquery/-/jquery-3.6.0.tgz",
      "integrity": "sha512-JVzAR/AjBvVt2BmYhxRCSYysDsPcssdmTFnzyLEts9qNwmjmu4JTAMYubEfwVOSwpQ1I1sKKFcxhZCI2buerfw=="
    }
  }
}
