
Microsoft Visual Studio Solution File, Format Version 12.00
# Visual Studio Version 16
VisualStudioVersion = 16.0.31321.278
MinimumVisualStudioVersion = 10.0.40219.1
Project("{FAE04EC0-301F-11D3-BF4B-00C04F79EFBC}") = "Concoct-Builder", "Concoct-Builder\Concoct-Builder.csproj", "{D53A98B3-27D6-48B4-AF9D-2097F60A3553}"
EndProject
Global
	GlobalSection(SolutionConfigurationPlatforms) = preSolution
		Debug|Any CPU = Debug|Any CPU
		Release|Any CPU = Release|Any CPU
	EndGlobalSection
	GlobalSection(ProjectConfigurationPlatforms) = postSolution
		{D53A98B3-27D6-48B4-AF9D-2097F60A3553}.Debug|Any CPU.ActiveCfg = Debug|Any CPU
		{D53A98B3-27D6-48B4-AF9D-2097F60A3553}.Debug|Any CPU.Build.0 = Debug|Any CPU
		{D53A98B3-27D6-48B4-AF9D-2097F60A3553}.Release|Any CPU.ActiveCfg = Release|Any CPU
		{D53A98B3-27D6-48B4-AF9D-2097F60A3553}.Release|Any CPU.Build.0 = Release|Any CPU
	EndGlobalSection
	GlobalSection(SolutionProperties) = preSolution
		HideSolutionNode = FALSE
	EndGlobalSection
	GlobalSection(ExtensibilityGlobals) = postSolution
		SolutionGuid = {E8B2B1A6-1E9B-47AD-8D3B-FF46C746EF1F}
	EndGlobalSection
EndGlobal
